%{"certifi": {:hex, :certifi, "0.3.0"},
  "exjsx": {:hex, :exjsx, "3.2.0"},
  "hackney": {:hex, :hackney, "1.4.6"},
  "httpoison": {:git, "https://github.com/edgurgel/httpoison.git", "87aabe18be27bf25af2a4182b4754cd0a35aa1dd", []},
  "idna": {:hex, :idna, "1.0.2"},
  "jsx": {:hex, :jsx, "2.6.2"},
  "mimerl": {:hex, :mimerl, "1.0.0"},
  "ssl_verify_hostname": {:hex, :ssl_verify_hostname, "1.0.5"},
  "tentacat": {:git, "https://github.com/edgurgel/tentacat.git", "7307243d3d77c089964b930b216a7f1be7afa7f3", []}}
